
Microsoft Visual Studio Solution File, Format Version 12.00
# Visual Studio Version 16
VisualStudioVersion = 16.0.31019.35
MinimumVisualStudioVersion = 10.0.40219.1
Project("{FAE04EC0-301F-11D3-BF4B-00C04F79EFBC}") = "PrzepisyWeb", "PrzepisyWeb.csproj", "{5D7A9F46-87C0-4E3B-AA6F-8C161260C7BC}"
EndProject
Global
	GlobalSection(SolutionConfigurationPlatforms) = preSolution
		Debug|Any CPU = Debug|Any CPU
		Release|Any CPU = Release|Any CPU
	EndGlobalSection
	GlobalSection(ProjectConfigurationPlatforms) = postSolution
		{5D7A9F46-87C0-4E3B-AA6F-8C161260C7BC}.Debug|Any CPU.ActiveCfg = Debug|Any CPU
		{5D7A9F46-87C0-4E3B-AA6F-8C161260C7BC}.Debug|Any CPU.Build.0 = Debug|Any CPU
		{5D7A9F46-87C0-4E3B-AA6F-8C161260C7BC}.Release|Any CPU.ActiveCfg = Release|Any CPU
		{5D7A9F46-87C0-4E3B-AA6F-8C161260C7BC}.Release|Any CPU.Build.0 = Release|Any CPU
	EndGlobalSection
	GlobalSection(SolutionProperties) = preSolution
		HideSolutionNode = FALSE
	EndGlobalSection
	GlobalSection(ExtensibilityGlobals) = postSolution
		SolutionGuid = {7BB0FCD3-6821-41EA-98AC-D7294C5EA4E6}
	EndGlobalSection
EndGlobal
